// !$*UTF8*$!
{
	archiveVersion = 1;
	classes = {
	};
	objectVersion = 46;
	objects = {

/* Begin PBXBuildFile section */
		8BE385BB1B112A2500EE020B /* AppDelegate.swift in Sources */ = {isa = PBXBuildFile; fileRef = 8BE385BA1B112A2500EE020B /* AppDelegate.swift */; };
		8BE385BD1B112A2500EE020B /* ViewController.swift in Sources */ = {isa = PBXBuildFile; fileRef = 8BE385BC1B112A2500EE020B /* ViewController.swift */; };
		8BE385C01B112A2500EE020B /* Main.storyboard in Resources */ = {isa = PBXBuildFile; fileRef = 8BE385BE1B112A2500EE020B /* Main.storyboard */; };
		8BE385C21B112A2500EE020B /* Images.xcassets in Resources */ = {isa = PBXBuildFile; fileRef = 8BE385C11B112A2500EE020B /* Images.xcassets */; };
		8BE385C51B112A2500EE020B /* LaunchScreen.xib in Resources */ = {isa = PBXBuildFile; fileRef = 8BE385C31B112A2500EE020B /* LaunchScreen.xib */; };
		8BE385D11B112A2500EE020B /* Pitch_PerfTests.swift in Sources */ = {isa = PBXBuildFile; fileRef = 8BE385D01B112A2500EE020B /* Pitch_PerfTests.swift */; };
/* End PBXBuildFile section */

/* Begin PBXContainerItemProxy section */
		8BE385CB1B112A2500EE020B /* PBXContainerItemProxy */ = {
			isa = PBXContainerItemProxy;
			containerPortal = 8BE385AD1B112A2500EE020B /* Project object */;
			proxyType = 1;
			remoteGlobalIDString = 8BE385B41B112A2500EE020B;
			remoteInfo = "Pitch Perf";
		};
/* End PBXContainerItemProxy section */

/* Begin PBXFileReference section */
		8BE385B51B112A2500EE020B /* Pitch Perf.app */ = {isa = PBXFileReference; explicitFileType = wrapper.application; includeInIndex = 0; path = "Pitch Perf.app"; sourceTree = BUILT_PRODUCTS_DIR; };
		8BE385B91B112A2500EE020B /* Info.plist */ = {isa = PBXFileReference; lastKnownFileType = text.plist.xml; path = Info.plist; sourceTree = "<group>"; };
		8BE385BA1B112A2500EE020B /* AppDelegate.swift */ = {isa = PBXFileReference; lastKnownFileType = sourcecode.swift; path = AppDelegate.swift; sourceTree = "<group>"; };
		8BE385BC1B112A2500EE020B /* ViewController.swift */ = {isa = PBXFileReference; lastKnownFileType = sourcecode.swift; path = ViewController.swift; sourceTree = "<group>"; };
		8BE385BF1B112A2500EE020B /* Base */ = {isa = PBXFileReference; lastKnownFileType = file.storyboard; name = Base; path = Base.lproj/Main.storyboard; sourceTree = "<group>"; };
		8BE385C11B112A2500EE020B /* Images.xcassets */ = {isa = PBXFileReference; lastKnownFileType = folder.assetcatalog; path = Images.xcassets; sourceTree = "<group>"; };
		8BE385C41B112A2500EE020B /* Base */ = {isa = PBXFileReference; lastKnownFileType = file.xib; name = Base; path = Base.lproj/LaunchScreen.xib; sourceTree = "<group>"; };
		8BE385CA1B112A2500EE020B /* Pitch PerfTests.xctest */ = {isa = PBXFileReference; explicitFileType = wrapper.cfbundle; includeInIndex = 0; path = "Pitch PerfTests.xctest"; sourceTree = BUILT_PRODUCTS_DIR; };
		8BE385CF1B112A2500EE020B /* Info.plist */ = {isa = PBXFileReference; lastKnownFileType = text.plist.xml; path = Info.plist; sourceTree = "<group>"; };
		8BE385D01B112A2500EE020B /* Pitch_PerfTests.swift */ = {isa = PBXFileReference; lastKnownFileType = sourcecode.swift; path = Pitch_PerfTests.swift; sourceTree = "<group>"; };
/* End PBXFileReference section */

/* Begin PBXFrameworksBuildPhase section */
		8BE385B21B112A2500EE020B /* Frameworks */ = {
			isa = PBXFrameworksBuildPhase;
			buildActionMask = 2147483647;
			files = (
			);
			runOnlyForDeploymentPostprocessing = 0;
		};
		8BE385C71B112A2500EE020B /* Frameworks */ = {
			isa = PBXFrameworksBuildPhase;
			buildActionMask = 2147483647;
			files = (
			);
			runOnlyForDeploymentPostprocessing = 0;
		};
/* End PBXFrameworksBuildPhase section */

/* Begin PBXGroup section */
		8BE385AC1B112A2500EE020B = {
			isa = PBXGroup;
			children = (
				8BE385B71B112A2500EE020B /* Pitch Perf */,
				8BE385CD1B112A2500EE020B /* Pitch PerfTests */,
				8BE385B61B112A2500EE020B /* Products */,
			);
			sourceTree = "<group>";
		};
		8BE385B61B112A2500EE020B /* Products */ = {
			isa = PBXGroup;
			children = (
				8BE385B51B112A2500EE020B /* Pitch Perf.app */,
				8BE385CA1B112A2500EE020B /* Pitch PerfTests.xctest */,
			);
			name = Products;
			sourceTree = "<group>";
		};
		8BE385B71B112A2500EE020B /* Pitch Perf */ = {
			isa = PBXGroup;
			children = (
				8BE385BA1B112A2500EE020B /* AppDelegate.swift */,
				8BE385BC1B112A2500EE020B /* ViewController.swift */,
				8BE385BE1B112A2500EE020B /* Main.storyboard */,
				8BE385C11B112A2500EE020B /* Images.xcassets */,
				8BE385C31B112A2500EE020B /* LaunchScreen.xib */,
				8BE385B81B112A2500EE020B /* Supporting Files */,
			);
			path = "Pitch Perf";
			sourceTree = "<group>";
		};
		8BE385B81B112A2500EE020B /* Supporting Files */ = {
			isa = PBXGroup;
			children = (
				8BE385B91B112A2500EE020B /* Info.plist */,
			);
			name = "Supporting Files";
			sourceTree = "<group>";
		};
		8BE385CD1B112A2500EE020B /* Pitch PerfTests */ = {
			isa = PBXGroup;
			children = (
				8BE385D01B112A2500EE020B /* Pitch_PerfTests.swift */,
				8BE385CE1B112A2500EE020B /* Supporting Files */,
			);
			path = "Pitch PerfTests";
			sourceTree = "<group>";
		};
		8BE385CE1B112A2500EE020B /* Supporting Files */ = {
			isa = PBXGroup;
			children = (
				8BE385CF1B112A2500EE020B /* Info.plist */,
			);
			name = "Supporting Files";
			sourceTree = "<group>";
		};
/* End PBXGroup section */

/* Begin PBXNativeTarget section */
		8BE385B41B112A2500EE020B /* Pitch Perf */ = {
			isa = PBXNativeTarget;
			buildConfigurationList = 8BE385D41B112A2500EE020B /* Build configuration list for PBXNativeTarget "Pitch Perf" */;
			buildPhases = (
				8BE385B11B112A2500EE020B /* Sources */,
				8BE385B21B112A2500EE020B /* Frameworks */,
				8BE385B31B112A2500EE020B /* Resources */,
			);
			buildRules = (
			);
			dependencies = (
			);
			name = "Pitch Perf";
			productName = "Pitch Perf";
			productReference = 8BE385B51B112A2500EE020B /* Pitch Perf.app */;
			productType = "com.apple.product-type.application";
		};
		8BE385C91B112A2500EE020B /* Pitch PerfTests */ = {
			isa = PBXNativeTarget;
			buildConfigurationList = 8BE385D71B112A2500EE020B /* Build configuration list for PBXNativeTarget "Pitch PerfTests" */;
			buildPhases = (
				8BE385C61B112A2500EE020B /* Sources */,
				8BE385C71B112A2500EE020B /* Frameworks */,
				8BE385C81B112A2500EE020B /* Resources */,
			);
			buildRules = (
			);
			dependencies = (
				8BE385CC1B112A2500EE020B /* PBXTargetDependency */,
			);
			name = "Pitch PerfTests";
			productName = "Pitch PerfTests";
			productReference = 8BE385CA1B112A2500EE020B /* Pitch PerfTests.xctest */;
			productType = "com.apple.product-type.bundle.unit-test";
		};
/* End PBXNativeTarget section */

/* Begin PBXProject section */
		8BE385AD1B112A2500EE020B /* Project object */ = {
			isa = PBXProject;
			attributes = {
				LastUpgradeCheck = 0630;
				ORGANIZATIONNAME = "Duaa Abdelgadir";
				TargetAttributes = {
					8BE385B41B112A2500EE020B = {
						CreatedOnToolsVersion = 6.3.2;
					};
					8BE385C91B112A2500EE020B = {
						CreatedOnToolsVersion = 6.3.2;
						TestTargetID = 8BE385B41B112A2500EE020B;
					};
				};
			};
			buildConfigurationList = 8BE385B01B112A2500EE020B /* Build configuration list for PBXProject "Pitch Perf" */;
			compatibilityVersion = "Xcode 3.2";
			developmentRegion = English;
			hasScannedForEncodings = 0;
			knownRegions = (
				en,
				Base,
			);
			mainGroup = 8BE385AC1B112A2500EE020B;
			productRefGroup = 8BE385B61B112A2500EE020B /* Products */;
			projectDirPath = "";
			projectRoot = "";
			targets = (
				8BE385B41B112A2500EE020B /* Pitch Perf */,
				8BE385C91B112A2500EE020B /* Pitch PerfTests */,
			);
		};
/* End PBXProject section */

/* Begin PBXResourcesBuildPhase section */
		8BE385B31B112A2500EE020B /* Resources */ = {
			isa = PBXResourcesBuildPhase;
			buildActionMask = 2147483647;
			files = (
				8BE385C01B112A2500EE020B /* Main.storyboard in Resources */,
				8BE385C51B112A2500EE020B /* LaunchScreen.xib in Resources */,
				8BE385C21B112A2500EE020B /* Images.xcassets in Resources */,
			);
			runOnlyForDeploymentPostprocessing = 0;
		};
		8BE385C81B112A2500EE020B /* Resources */ = {
			isa = PBXResourcesBuildPhase;
			buildActionMask = 2147483647;
			files = (
			);
			runOnlyForDeploymentPostprocessing = 0;
		};
/* End PBXResourcesBuildPhase section */

/* Begin PBXSourcesBuildPhase section */
		8BE385B11B112A2500EE020B /* Sources */ = {
			isa = PBXSourcesBuildPhase;
			buildActionMask = 2147483647;
			files = (
				8BE385BD1B112A2500EE020B /* ViewController.swift in Sources */,
				8BE385BB1B112A2500EE020B /* AppDelegate.swift in Sources */,
			);
			runOnlyForDeploymentPostprocessing = 0;
		};
		8BE385C61B112A2500EE020B /* Sources */ = {
			isa = PBXSourcesBuildPhase;
			buildActionMask = 2147483647;
			files = (
				8BE385D11B112A2500EE020B /* Pitch_PerfTests.swift in Sources */,
			);
			runOnlyForDeploymentPostprocessing = 0;
		};
/* End PBXSourcesBuildPhase section */

/* Begin PBXTargetDependency section */
		8BE385CC1B112A2500EE020B /* PBXTargetDependency */ = {
			isa = PBXTargetDependency;
			target = 8BE385B41B112A2500EE020B /* Pitch Perf */;
			targetProxy = 8BE385CB1B112A2500EE020B /* PBXContainerItemProxy */;
		};
/* End PBXTargetDependency section */

/* Begin PBXVariantGroup section */
		8BE385BE1B112A2500EE020B /* Main.storyboard */ = {
			isa = PBXVariantGroup;
			children = (
				8BE385BF1B112A2500EE020B /* Base */,
			);
			name = Main.storyboard;
			sourceTree = "<group>";
		};
		8BE385C31B112A2500EE020B /* LaunchScreen.xib */ = {
			isa = PBXVariantGroup;
			children = (
				8BE385C41B112A2500EE020B /* Base */,
			);
			name = LaunchScreen.xib;
			sourceTree = "<group>";
		};
/* End PBXVariantGroup section */

/* Begin XCBuildConfiguration section */
		8BE385D21B112A2500EE020B /* Debug */ = {
			isa = XCBuildConfiguration;
			buildSettings = {
				ALWAYS_SEARCH_USER_PATHS = NO;
				CLANG_CXX_LANGUAGE_STANDARD = "gnu++0x";
				CLANG_CXX_LIBRARY = "libc++";
				CLANG_ENABLE_MODULES = YES;
				CLANG_ENABLE_OBJC_ARC = YES;
				CLANG_WARN_BOOL_CONVERSION = YES;
				CLANG_WARN_CONSTANT_CONVERSION = YES;
				CLANG_WARN_DIRECT_OBJC_ISA_USAGE = YES_ERROR;
				CLANG_WARN_EMPTY_BODY = YES;
				CLANG_WARN_ENUM_CONVERSION = YES;
				CLANG_WARN_INT_CONVERSION = YES;
				CLANG_WARN_OBJC_ROOT_CLASS = YES_ERROR;
				CLANG_WARN_UNREACHABLE_CODE = YES;
				CLANG_WARN__DUPLICATE_METHOD_MATCH = YES;
				"CODE_SIGN_IDENTITY[sdk=iphoneos*]" = "iPhone Developer";
				COPY_PHASE_STRIP = NO;
				DEBUG_INFORMATION_FORMAT = "dwarf-with-dsym";
				ENABLE_STRICT_OBJC_MSGSEND = YES;
				GCC_C_LANGUAGE_STANDARD = gnu99;
				GCC_DYNAMIC_NO_PIC = NO;
				GCC_NO_COMMON_BLOCKS = YES;
				GCC_OPTIMIZATION_LEVEL = 0;
				GCC_PREPROCESSOR_DEFINITIONS = (
					"DEBUG=1",
					"$(inherited)",
				);
				GCC_SYMBOLS_PRIVATE_EXTERN = NO;
				GCC_WARN_64_TO_32_BIT_CONVERSION = YES;
				GCC_WARN_ABOUT_RETURN_TYPE = YES_ERROR;
				GCC_WARN_UNDECLARED_SELECTOR = YES;
				GCC_WARN_UNINITIALIZED_AUTOS = YES_AGGRESSIVE;
				GCC_WARN_UNUSED_FUNCTION = YES;
				GCC_WARN_UNUSED_VARIABLE = YES;
				IPHONEOS_DEPLOYMENT_TARGET = 8.3;
				MTL_ENABLE_DEBUG_INFO = YES;
				ONLY_ACTIVE_ARCH = YES;
				SDKROOT = iphoneos;
				SWIFT_OPTIMIZATION_LEVEL = "-Onone";
			};
			name = Debug;
		};
		8BE385D31B112A2500EE020B /* Release */ = {
			isa = XCBuildConfiguration;
			buildSettings = {
				ALWAYS_SEARCH_USER_PATHS = NO;
				CLANG_CXX_LANGUAGE_STANDARD = "gnu++0x";
				CLANG_CXX_LIBRARY = "libc++";
				CLANG_ENABLE_MODULES = YES;
				CLANG_ENABLE_OBJC_ARC = YES;
				CLANG_WARN_BOOL_CONVERSION = YES;
				CLANG_WARN_CONSTANT_CONVERSION = YES;
				CLANG_WARN_DIRECT_OBJC_ISA_USAGE = YES_ERROR;
				CLANG_WARN_EMPTY_BODY = YES;
				CLANG_WARN_ENUM_CONVERSION = YES;
				CLANG_WARN_INT_CONVERSION = YES;
				CLANG_WARN_OBJC_ROOT_CLASS = YES_ERROR;
				CLANG_WARN_UNREACHABLE_CODE = YES;
				CLANG_WARN__DUPLICATE_METHOD_MATCH = YES;
				"CODE_SIGN_IDENTITY[sdk=iphoneos*]" = "iPhone Developer";
				COPY_PHASE_STRIP = NO;
				DEBUG_INFORMATION_FORMAT = "dwarf-with-dsym";
				ENABLE_NS_ASSERTIONS = NO;
				ENABLE_STRICT_OBJC_MSGSEND = YES;
				GCC_C_LANGUAGE_STANDARD = gnu99;
				GCC_NO_COMMON_BLOCKS = YES;
				GCC_WARN_64_TO_32_BIT_CONVERSION = YES;
				GCC_WARN_ABOUT_RETURN_TYPE = YES_ERROR;
				GCC_WARN_UNDECLARED_SELECTOR = YES;
				GCC_WARN_UNINITIALIZED_AUTOS = YES_AGGRESSIVE;
				GCC_WARN_UNUSED_FUNCTION = YES;
				GCC_WARN_UNUSED_VARIABLE = YES;
				IPHONEOS_DEPLOYMENT_TARGET = 8.3;
				MTL_ENABLE_DEBUG_INFO = NO;
				SDKROOT = iphoneos;
				VALIDATE_PRODUCT = YES;
			};
			name = Release;
		};
		8BE385D51B112A2500EE020B /* Debug */ = {
			isa = XCBuildConfiguration;
			buildSettings = {
				ASSETCATALOG_COMPILER_APPICON_NAME = AppIcon;
				INFOPLIST_FILE = "Pitch Perf/Info.plist";
				LD_RUNPATH_SEARCH_PATHS = "$(inherited) @executable_path/Frameworks";
				PRODUCT_NAME = "$(TARGET_NAME)";
			};
			name = Debug;
		};
		8BE385D61B112A2500EE020B /* Release */ = {
			isa = XCBuildConfiguration;
			buildSettings = {
				ASSETCATALOG_COMPILER_APPICON_NAME = AppIcon;
				INFOPLIST_FILE = "Pitch Perf/Info.plist";
				LD_RUNPATH_SEARCH_PATHS = "$(inherited) @executable_path/Frameworks";
				PRODUCT_NAME = "$(TARGET_NAME)";
			};
			name = Release;
		};
		8BE385D81B112A2500EE020B /* Debug */ = {
			isa = XCBuildConfiguration;
			buildSettings = {
				BUNDLE_LOADER = "$(TEST_HOST)";
				FRAMEWORK_SEARCH_PATHS = (
					"$(SDKROOT)/Developer/Library/Frameworks",
					"$(inherited)",
				);
				GCC_PREPROCESSOR_DEFINITIONS = (
					"DEBUG=1",
					"$(inherited)",
				);
				INFOPLIST_FILE = "Pitch PerfTests/Info.plist";
				LD_RUNPATH_SEARCH_PATHS = "$(inherited) @executable_path/Frameworks @loader_path/Frameworks";
				PRODUCT_NAME = "$(TARGET_NAME)";
				TEST_HOST = "$(BUILT_PRODUCTS_DIR)/Pitch Perf.app/Pitch Perf";
			};
			name = Debug;
		};
		8BE385D91B112A2500EE020B /* Release */ = {
			isa = XCBuildConfiguration;
			buildSettings = {
				BUNDLE_LOADER = "$(TEST_HOST)";
				FRAMEWORK_SEARCH_PATHS = (
					"$(SDKROOT)/Developer/Library/Frameworks",
					"$(inherited)",
				);
				INFOPLIST_FILE = "Pitch PerfTests/Info.plist";
				LD_RUNPATH_SEARCH_PATHS = "$(inherited) @executable_path/Frameworks @loader_path/Frameworks";
				PRODUCT_NAME = "$(TARGET_NAME)";
				TEST_HOST = "$(BUILT_PRODUCTS_DIR)/Pitch Perf.app/Pitch Perf";
			};
			name = Release;
		};
/* End XCBuildConfiguration section */

/* Begin XCConfigurationList section */
		8BE385B01B112A2500EE020B /* Build configuration list for PBXProject "Pitch Perf" */ = {
			isa = XCConfigurationList;
			buildConfigurations = (
				8BE385D21B112A2500EE020B /* Debug */,
				8BE385D31B112A2500EE020B /* Release */,
			);
			defaultConfigurationIsVisible = 0;
			defaultConfigurationName = Release;
		};
		8BE385D41B112A2500EE020B /* Build configuration list for PBXNativeTarget "Pitch Perf" */ = {
			isa = XCConfigurationList;
			buildConfigurations = (
				8BE385D51B112A2500EE020B /* Debug */,
				8BE385D61B112A2500EE020B /* Release */,
			);
			defaultConfigurationIsVisible = 0;
		};
		8BE385D71B112A2500EE020B /* Build configuration list for PBXNativeTarget "Pitch PerfTests" */ = {
			isa = XCConfigurationList;
			buildConfigurations = (
				8BE385D81B112A2500EE020B /* Debug */,
				8BE385D91B112A2500EE020B /* Release */,
			);
			defaultConfigurationIsVisible = 0;
		};
/* End XCConfigurationList section */
	};
	rootObject = 8BE385AD1B112A2500EE020B /* Project object */;
}
